
Microsoft Visual Studio Solution File, Format Version 12.00
Project("{FAE04EC0-301F-11D3-BF4B-00C04F79EFBC}") = "PerformancePlaci", "PerformancePlaci\PerformancePlaci.csproj", "{45D12076-C814-465F-996F-F948AC54D91C}"
EndProject
Global
	GlobalSection(SolutionConfigurationPlatforms) = preSolution
		Debug|Any CPU = Debug|Any CPU
		Release|Any CPU = Release|Any CPU
	EndGlobalSection
	GlobalSection(ProjectConfigurationPlatforms) = postSolution
		{45D12076-C814-465F-996F-F948AC54D91C}.Debug|Any CPU.ActiveCfg = Debug|Any CPU
		{45D12076-C814-465F-996F-F948AC54D91C}.Debug|Any CPU.Build.0 = Debug|Any CPU
		{45D12076-C814-465F-996F-F948AC54D91C}.Release|Any CPU.ActiveCfg = Release|Any CPU
		{45D12076-C814-465F-996F-F948AC54D91C}.Release|Any CPU.Build.0 = Release|Any CPU
	EndGlobalSection
EndGlobal
